// !$*UTF8*$!
{
	archiveVersion = 1;
	classes = {
	};
	objectVersion = 46;
	objects = {

/* Begin PBXBuildFile section */
		4332E8B51D1988D30008DFFD /* main.m in Sources */ = {isa = PBXBuildFile; fileRef = 4332E8B41D1988D30008DFFD /* main.m */; };
		4332E8B81D1988D30008DFFD /* AppDelegate.m in Sources */ = {isa = PBXBuildFile; fileRef = 4332E8B71D1988D30008DFFD /* AppDelegate.m */; };
		4332E8BB1D1988D30008DFFD /* ViewController.m in Sources */ = {isa = PBXBuildFile; fileRef = 4332E8BA1D1988D30008DFFD /* ViewController.m */; };
		4332E8BE1D1988D30008DFFD /* Main.storyboard in Resources */ = {isa = PBXBuildFile; fileRef = 4332E8BC1D1988D30008DFFD /* Main.storyboard */; };
		4332E8C01D1988D30008DFFD /* Assets.xcassets in Resources */ = {isa = PBXBuildFile; fileRef = 4332E8BF1D1988D30008DFFD /* Assets.xcassets */; };
		4332E8C31D1988D30008DFFD /* LaunchScreen.storyboard in Resources */ = {isa = PBXBuildFile; fileRef = 4332E8C11D1988D30008DFFD /* LaunchScreen.storyboard */; };
		4332E8D21D198A190008DFFD /* CustomerTableViewController.m in Sources */ = {isa = PBXBuildFile; fileRef = 4332E8D11D198A190008DFFD /* CustomerTableViewController.m */; };
/* End PBXBuildFile section */

/* Begin PBXFileReference section */
		4332E8B01D1988D30008DFFD /* tableview.app */ = {isa = PBXFileReference; explicitFileType = wrapper.application; includeInIndex = 0; path = tableview.app; sourceTree = BUILT_PRODUCTS_DIR; };
		4332E8B41D1988D30008DFFD /* main.m */ = {isa = PBXFileReference; lastKnownFileType = sourcecode.c.objc; path = main.m; sourceTree = "<group>"; };
		4332E8B61D1988D30008DFFD /* AppDelegate.h */ = {isa = PBXFileReference; lastKnownFileType = sourcecode.c.h; path = AppDelegate.h; sourceTree = "<group>"; };
		4332E8B71D1988D30008DFFD /* AppDelegate.m */ = {isa = PBXFileReference; lastKnownFileType = sourcecode.c.objc; path = AppDelegate.m; sourceTree = "<group>"; };
		4332E8B91D1988D30008DFFD /* ViewController.h */ = {isa = PBXFileReference; lastKnownFileType = sourcecode.c.h; path = ViewController.h; sourceTree = "<group>"; };
		4332E8BA1D1988D30008DFFD /* ViewController.m */ = {isa = PBXFileReference; lastKnownFileType = sourcecode.c.objc; path = ViewController.m; sourceTree = "<group>"; };
		4332E8BD1D1988D30008DFFD /* Base */ = {isa = PBXFileReference; lastKnownFileType = file.storyboard; name = Base; path = Base.lproj/Main.storyboard; sourceTree = "<group>"; };
		4332E8BF1D1988D30008DFFD /* Assets.xcassets */ = {isa = PBXFileReference; lastKnownFileType = folder.assetcatalog; path = Assets.xcassets; sourceTree = "<group>"; };
		4332E8C21D1988D30008DFFD /* Base */ = {isa = PBXFileReference; lastKnownFileType = file.storyboard; name = Base; path = Base.lproj/LaunchScreen.storyboard; sourceTree = "<group>"; };
		4332E8C41D1988D30008DFFD /* Info.plist */ = {isa = PBXFileReference; lastKnownFileType = text.plist.xml; path = Info.plist; sourceTree = "<group>"; };
		4332E8D01D198A190008DFFD /* CustomerTableViewController.h */ = {isa = PBXFileReference; fileEncoding = 4; lastKnownFileType = sourcecode.c.h; path = CustomerTableViewController.h; sourceTree = "<group>"; };
		4332E8D11D198A190008DFFD /* CustomerTableViewController.m */ = {isa = PBXFileReference; fileEncoding = 4; lastKnownFileType = sourcecode.c.objc; path = CustomerTableViewController.m; sourceTree = "<group>"; };
/* End PBXFileReference section */

/* Begin PBXFrameworksBuildPhase section */
		4332E8AD1D1988D30008DFFD /* Frameworks */ = {
			isa = PBXFrameworksBuildPhase;
			buildActionMask = 2147483647;
			files = (
			);
			runOnlyForDeploymentPostprocessing = 0;
		};
/* End PBXFrameworksBuildPhase section */

/* Begin PBXGroup section */
		4332E8A71D1988D30008DFFD = {
			isa = PBXGroup;
			children = (
				4332E8B21D1988D30008DFFD /* tableview */,
				4332E8B11D1988D30008DFFD /* Products */,
			);
			sourceTree = "<group>";
		};
		4332E8B11D1988D30008DFFD /* Products */ = {
			isa = PBXGroup;
			children = (
				4332E8B01D1988D30008DFFD /* tableview.app */,
			);
			name = Products;
			sourceTree = "<group>";
		};
		4332E8B21D1988D30008DFFD /* tableview */ = {
			isa = PBXGroup;
			children = (
				4332E8B61D1988D30008DFFD /* AppDelegate.h */,
				4332E8B71D1988D30008DFFD /* AppDelegate.m */,
				4332E8B91D1988D30008DFFD /* ViewController.h */,
				4332E8D01D198A190008DFFD /* CustomerTableViewController.h */,
				4332E8D11D198A190008DFFD /* CustomerTableViewController.m */,
				4332E8BA1D1988D30008DFFD /* ViewController.m */,
				4332E8BC1D1988D30008DFFD /* Main.storyboard */,
				4332E8BF1D1988D30008DFFD /* Assets.xcassets */,
				4332E8C11D1988D30008DFFD /* LaunchScreen.storyboard */,
				4332E8C41D1988D30008DFFD /* Info.plist */,
				4332E8B31D1988D30008DFFD /* Supporting Files */,
			);
			path = tableview;
			sourceTree = "<group>";
		};
		4332E8B31D1988D30008DFFD /* Supporting Files */ = {
			isa = PBXGroup;
			children = (
				4332E8B41D1988D30008DFFD /* main.m */,
			);
			name = "Supporting Files";
			sourceTree = "<group>";
		};
/* End PBXGroup section */

/* Begin PBXNativeTarget section */
		4332E8AF1D1988D30008DFFD /* tableview */ = {
			isa = PBXNativeTarget;
			buildConfigurationList = 4332E8C71D1988D30008DFFD /* Build configuration list for PBXNativeTarget "tableview" */;
			buildPhases = (
				4332E8AC1D1988D30008DFFD /* Sources */,
				4332E8AD1D1988D30008DFFD /* Frameworks */,
				4332E8AE1D1988D30008DFFD /* Resources */,
			);
			buildRules = (
			);
			dependencies = (
			);
			name = tableview;
			productName = tableview;
			productReference = 4332E8B01D1988D30008DFFD /* tableview.app */;
			productType = "com.apple.product-type.application";
		};
/* End PBXNativeTarget section */

/* Begin PBXProject section */
		4332E8A81D1988D30008DFFD /* Project object */ = {
			isa = PBXProject;
			attributes = {
				LastUpgradeCheck = 0730;
				ORGANIZATIONNAME = "Carson Capper";
				TargetAttributes = {
					4332E8AF1D1988D30008DFFD = {
						CreatedOnToolsVersion = 7.3.1;
					};
				};
			};
			buildConfigurationList = 4332E8AB1D1988D30008DFFD /* Build configuration list for PBXProject "tableview" */;
			compatibilityVersion = "Xcode 3.2";
			developmentRegion = English;
			hasScannedForEncodings = 0;
			knownRegions = (
				en,
				Base,
			);
			mainGroup = 4332E8A71D1988D30008DFFD;
			productRefGroup = 4332E8B11D1988D30008DFFD /* Products */;
			projectDirPath = "";
			projectRoot = "";
			targets = (
				4332E8AF1D1988D30008DFFD /* tableview */,
			);
		};
/* End PBXProject section */

/* Begin PBXResourcesBuildPhase section */
		4332E8AE1D1988D30008DFFD /* Resources */ = {
			isa = PBXResourcesBuildPhase;
			buildActionMask = 2147483647;
			files = (
				4332E8C31D1988D30008DFFD /* LaunchScreen.storyboard in Resources */,
				4332E8C01D1988D30008DFFD /* Assets.xcassets in Resources */,
				4332E8BE1D1988D30008DFFD /* Main.storyboard in Resources */,
			);
			runOnlyForDeploymentPostprocessing = 0;
		};
/* End PBXResourcesBuildPhase section */

/* Begin PBXSourcesBuildPhase section */
		4332E8AC1D1988D30008DFFD /* Sources */ = {
			isa = PBXSourcesBuildPhase;
			buildActionMask = 2147483647;
			files = (
				4332E8BB1D1988D30008DFFD /* ViewController.m in Sources */,
				4332E8D21D198A190008DFFD /* CustomerTableViewController.m in Sources */,
				4332E8B81D1988D30008DFFD /* AppDelegate.m in Sources */,
				4332E8B51D1988D30008DFFD /* main.m in Sources */,
			);
			runOnlyForDeploymentPostprocessing = 0;
		};
/* End PBXSourcesBuildPhase section */

/* Begin PBXVariantGroup section */
		4332E8BC1D1988D30008DFFD /* Main.storyboard */ = {
			isa = PBXVariantGroup;
			children = (
				4332E8BD1D1988D30008DFFD /* Base */,
			);
			name = Main.storyboard;
			sourceTree = "<group>";
		};
		4332E8C11D1988D30008DFFD /* LaunchScreen.storyboard */ = {
			isa = PBXVariantGroup;
			children = (
				4332E8C21D1988D30008DFFD /* Base */,
			);
			name = LaunchScreen.storyboard;
			sourceTree = "<group>";
		};
/* End PBXVariantGroup section */

/* Begin XCBuildConfiguration section */
		4332E8C51D1988D30008DFFD /* Debug */ = {
			isa = XCBuildConfiguration;
			buildSettings = {
				ALWAYS_SEARCH_USER_PATHS = NO;
				CLANG_ANALYZER_NONNULL = YES;
				CLANG_CXX_LANGUAGE_STANDARD = "gnu++0x";
				CLANG_CXX_LIBRARY = "libc++";
				CLANG_ENABLE_MODULES = YES;
				CLANG_ENABLE_OBJC_ARC = YES;
				CLANG_WARN_BOOL_CONVERSION = YES;
				CLANG_WARN_CONSTANT_CONVERSION = YES;
				CLANG_WARN_DIRECT_OBJC_ISA_USAGE = YES_ERROR;
				CLANG_WARN_EMPTY_BODY = YES;
				CLANG_WARN_ENUM_CONVERSION = YES;
				CLANG_WARN_INT_CONVERSION = YES;
				CLANG_WARN_OBJC_ROOT_CLASS = YES_ERROR;
				CLANG_WARN_UNREACHABLE_CODE = YES;
				CLANG_WARN__DUPLICATE_METHOD_MATCH = YES;
				"CODE_SIGN_IDENTITY[sdk=iphoneos*]" = "iPhone Developer";
				COPY_PHASE_STRIP = NO;
				DEBUG_INFORMATION_FORMAT = dwarf;
				ENABLE_STRICT_OBJC_MSGSEND = YES;
				ENABLE_TESTABILITY = YES;
				GCC_C_LANGUAGE_STANDARD = gnu99;
				GCC_DYNAMIC_NO_PIC = NO;
				GCC_NO_COMMON_BLOCKS = YES;
				GCC_OPTIMIZATION_LEVEL = 0;
				GCC_PREPROCESSOR_DEFINITIONS = (
					"DEBUG=1",
					"$(inherited)",
				);
				GCC_WARN_64_TO_32_BIT_CONVERSION = YES;
				GCC_WARN_ABOUT_RETURN_TYPE = YES_ERROR;
				GCC_WARN_UNDECLARED_SELECTOR = YES;
				GCC_WARN_UNINITIALIZED_AUTOS = YES_AGGRESSIVE;
				GCC_WARN_UNUSED_FUNCTION = YES;
				GCC_WARN_UNUSED_VARIABLE = YES;
				IPHONEOS_DEPLOYMENT_TARGET = 9.3;
				MTL_ENABLE_DEBUG_INFO = YES;
				ONLY_ACTIVE_ARCH = YES;
				SDKROOT = iphoneos;
				TARGETED_DEVICE_FAMILY = "1,2";
			};
			name = Debug;
		};
		4332E8C61D1988D30008DFFD /* Release */ = {
			isa = XCBuildConfiguration;
			buildSettings = {
				ALWAYS_SEARCH_USER_PATHS = NO;
				CLANG_ANALYZER_NONNULL = YES;
				CLANG_CXX_LANGUAGE_STANDARD = "gnu++0x";
				CLANG_CXX_LIBRARY = "libc++";
				CLANG_ENABLE_MODULES = YES;
				CLANG_ENABLE_OBJC_ARC = YES;
				CLANG_WARN_BOOL_CONVERSION = YES;
				CLANG_WARN_CONSTANT_CONVERSION = YES;
				CLANG_WARN_DIRECT_OBJC_ISA_USAGE = YES_ERROR;
				CLANG_WARN_EMPTY_BODY = YES;
				CLANG_WARN_ENUM_CONVERSION = YES;
				CLANG_WARN_INT_CONVERSION = YES;
				CLANG_WARN_OBJC_ROOT_CLASS = YES_ERROR;
				CLANG_WARN_UNREACHABLE_CODE = YES;
				CLANG_WARN__DUPLICATE_METHOD_MATCH = YES;
				"CODE_SIGN_IDENTITY[sdk=iphoneos*]" = "iPhone Developer";
				COPY_PHASE_STRIP = NO;
				DEBUG_INFORMATION_FORMAT = "dwarf-with-dsym";
				ENABLE_NS_ASSERTIONS = NO;
				ENABLE_STRICT_OBJC_MSGSEND = YES;
				GCC_C_LANGUAGE_STANDARD = gnu99;
				GCC_NO_COMMON_BLOCKS = YES;
				GCC_WARN_64_TO_32_BIT_CONVERSION = YES;
				GCC_WARN_ABOUT_RETURN_TYPE = YES_ERROR;
				GCC_WARN_UNDECLARED_SELECTOR = YES;
				GCC_WARN_UNINITIALIZED_AUTOS = YES_AGGRESSIVE;
				GCC_WARN_UNUSED_FUNCTION = YES;
				GCC_WARN_UNUSED_VARIABLE = YES;
				IPHONEOS_DEPLOYMENT_TARGET = 9.3;
				MTL_ENABLE_DEBUG_INFO = NO;
				SDKROOT = iphoneos;
				TARGETED_DEVICE_FAMILY = "1,2";
				VALIDATE_PRODUCT = YES;
			};
			name = Release;
		};
		4332E8C81D1988D30008DFFD /* Debug */ = {
			isa = XCBuildConfiguration;
			buildSettings = {
				ASSETCATALOG_COMPILER_APPICON_NAME = AppIcon;
				INFOPLIST_FILE = tableview/Info.plist;
				LD_RUNPATH_SEARCH_PATHS = "$(inherited) @executable_path/Frameworks";
				PRODUCT_BUNDLE_IDENTIFIER = orgID.tableview;
				PRODUCT_NAME = "$(TARGET_NAME)";
			};
			name = Debug;
		};
		4332E8C91D1988D30008DFFD /* Release */ = {
			isa = XCBuildConfiguration;
			buildSettings = {
				ASSETCATALOG_COMPILER_APPICON_NAME = AppIcon;
				INFOPLIST_FILE = tableview/Info.plist;
				LD_RUNPATH_SEARCH_PATHS = "$(inherited) @executable_path/Frameworks";
				PRODUCT_BUNDLE_IDENTIFIER = orgID.tableview;
				PRODUCT_NAME = "$(TARGET_NAME)";
			};
			name = Release;
		};
/* End XCBuildConfiguration section */

/* Begin XCConfigurationList section */
		4332E8AB1D1988D30008DFFD /* Build configuration list for PBXProject "tableview" */ = {
			isa = XCConfigurationList;
			buildConfigurations = (
				4332E8C51D1988D30008DFFD /* Debug */,
				4332E8C61D1988D30008DFFD /* Release */,
			);
			defaultConfigurationIsVisible = 0;
			defaultConfigurationName = Release;
		};
		4332E8C71D1988D30008DFFD /* Build configuration list for PBXNativeTarget "tableview" */ = {
			isa = XCConfigurationList;
			buildConfigurations = (
				4332E8C81D1988D30008DFFD /* Debug */,
				4332E8C91D1988D30008DFFD /* Release */,
			);
			defaultConfigurationIsVisible = 0;
		};
/* End XCConfigurationList section */
	};
	rootObject = 4332E8A81D1988D30008DFFD /* Project object */;
}
